
Microsoft Visual Studio Solution File, Format Version 12.00
# Visual Studio Version 17
VisualStudioVersion = 17.14.36221.1 d17.14
MinimumVisualStudioVersion = 10.0.40219.1
Project("{FAE04EC0-301F-11D3-BF4B-00C04F79EFBC}") = "HMS", "HMS.csproj", "{DCB7142C-597D-4826-9D20-877597474352}"
EndProject
Global
	GlobalSection(SolutionConfigurationPlatforms) = preSolution
		Debug|Any CPU = Debug|Any CPU
		Release|Any CPU = Release|Any CPU
	EndGlobalSection
	GlobalSection(ProjectConfigurationPlatforms) = postSolution
		{DCB7142C-597D-4826-9D20-877597474352}.Debug|Any CPU.ActiveCfg = Debug|Any CPU
		{DCB7142C-597D-4826-9D20-877597474352}.Debug|Any CPU.Build.0 = Debug|Any CPU
		{DCB7142C-597D-4826-9D20-877597474352}.Release|Any CPU.ActiveCfg = Release|Any CPU
		{DCB7142C-597D-4826-9D20-877597474352}.Release|Any CPU.Build.0 = Release|Any CPU
	EndGlobalSection
	GlobalSection(SolutionProperties) = preSolution
		HideSolutionNode = FALSE
	EndGlobalSection
	GlobalSection(ExtensibilityGlobals) = postSolution
		SolutionGuid = {E1D2B4AA-1AF2-4C83-8772-3BC8E8718287}
	EndGlobalSection
EndGlobal
